
Microsoft Visual Studio Solution File, Format Version 12.00
# Visual Studio Version 17
VisualStudioVersion = 17.9.34714.143
MinimumVisualStudioVersion = 10.0.40219.1
Project("{FAE04EC0-301F-11D3-BF4B-00C04F79EFBC}") = "DelhiHighCourt", "DelhiHighCourt\DelhiHighCourt.csproj", "{1FBD6542-C412-4E1E-BC67-82414590CFAC}"
EndProject
Global
	GlobalSection(SolutionConfigurationPlatforms) = preSolution
		Debug|Any CPU = Debug|Any CPU
		Release|Any CPU = Release|Any CPU
	EndGlobalSection
	GlobalSection(ProjectConfigurationPlatforms) = postSolution
		{1FBD6542-C412-4E1E-BC67-82414590CFAC}.Debug|Any CPU.ActiveCfg = Debug|Any CPU
		{1FBD6542-C412-4E1E-BC67-82414590CFAC}.Debug|Any CPU.Build.0 = Debug|Any CPU
		{1FBD6542-C412-4E1E-BC67-82414590CFAC}.Release|Any CPU.ActiveCfg = Release|Any CPU
		{1FBD6542-C412-4E1E-BC67-82414590CFAC}.Release|Any CPU.Build.0 = Release|Any CPU
	EndGlobalSection
	GlobalSection(SolutionProperties) = preSolution
		HideSolutionNode = FALSE
	EndGlobalSection
	GlobalSection(ExtensibilityGlobals) = postSolution
		SolutionGuid = {5DC77AB3-F6C7-40EF-9178-744344E410BF}
	EndGlobalSection
EndGlobal
